
Microsoft Visual Studio Solution File, Format Version 12.00
# Visual Studio 14
VisualStudioVersion = 14.0.25420.1
MinimumVisualStudioVersion = 10.0.40219.1
Project("{2150E333-8FDC-42A3-9474-1A3956D46DE8}") = "Engine", "Engine", "{FC3927C3-995A-4A6A-A8B6-F6A237AAD003}"
EndProject
Project("{2150E333-8FDC-42A3-9474-1A3956D46DE8}") = "Games", "Games", "{94FB4539-6834-471E-9C20-E1125EF03F82}"
EndProject
Project("{8BC9CEB8-8B4A-11D0-8D11-00A0C91BC942}") = "UE4", "Intermediate\ProjectFiles\UE4.vcxproj", "{3F1137EB-08AE-4E29-8918-AE7C3777076C}"
EndProject
Project("{8BC9CEB8-8B4A-11D0-8D11-00A0C91BC942}") = "Wizards", "Intermediate\ProjectFiles\Wizards.vcxproj", "{B90845E4-B94A-4068-8558-CF295F8778F8}"
EndProject
Global
	GlobalSection(SolutionConfigurationPlatforms) = preSolution
		DebugGame Editor|HTML5 = DebugGame Editor|HTML5
		DebugGame Editor|Win32 = DebugGame Editor|Win32
		DebugGame Editor|Win64 = DebugGame Editor|Win64
		DebugGame|HTML5 = DebugGame|HTML5
		DebugGame|Win32 = DebugGame|Win32
		DebugGame|Win64 = DebugGame|Win64
		Development Editor|HTML5 = Development Editor|HTML5
		Development Editor|Win32 = Development Editor|Win32
		Development Editor|Win64 = Development Editor|Win64
		Development|HTML5 = Development|HTML5
		Development|Win32 = Development|Win32
		Development|Win64 = Development|Win64
		Shipping|HTML5 = Shipping|HTML5
		Shipping|Win32 = Shipping|Win32
		Shipping|Win64 = Shipping|Win64
	EndGlobalSection
	GlobalSection(ProjectConfigurationPlatforms) = postSolution
		{3F1137EB-08AE-4E29-8918-AE7C3777076C}.DebugGame Editor|HTML5.ActiveCfg = BuiltWithUnrealBuildTool|Win32
		{3F1137EB-08AE-4E29-8918-AE7C3777076C}.DebugGame Editor|HTML5.Build.0 = BuiltWithUnrealBuildTool|Win32
		{3F1137EB-08AE-4E29-8918-AE7C3777076C}.DebugGame Editor|Win32.ActiveCfg = BuiltWithUnrealBuildTool|Win32
		{3F1137EB-08AE-4E29-8918-AE7C3777076C}.DebugGame Editor|Win32.Build.0 = BuiltWithUnrealBuildTool|Win32
		{3F1137EB-08AE-4E29-8918-AE7C3777076C}.DebugGame Editor|Win64.ActiveCfg = BuiltWithUnrealBuildTool|Win32
		{3F1137EB-08AE-4E29-8918-AE7C3777076C}.DebugGame Editor|Win64.Build.0 = BuiltWithUnrealBuildTool|Win32
		{3F1137EB-08AE-4E29-8918-AE7C3777076C}.DebugGame|HTML5.ActiveCfg = BuiltWithUnrealBuildTool|Win32
		{3F1137EB-08AE-4E29-8918-AE7C3777076C}.DebugGame|HTML5.Build.0 = BuiltWithUnrealBuildTool|Win32
		{3F1137EB-08AE-4E29-8918-AE7C3777076C}.DebugGame|Win32.ActiveCfg = BuiltWithUnrealBuildTool|Win32
		{3F1137EB-08AE-4E29-8918-AE7C3777076C}.DebugGame|Win32.Build.0 = BuiltWithUnrealBuildTool|Win32
		{3F1137EB-08AE-4E29-8918-AE7C3777076C}.DebugGame|Win64.ActiveCfg = BuiltWithUnrealBuildTool|Win32
		{3F1137EB-08AE-4E29-8918-AE7C3777076C}.DebugGame|Win64.Build.0 = BuiltWithUnrealBuildTool|Win32
		{3F1137EB-08AE-4E29-8918-AE7C3777076C}.Development Editor|HTML5.ActiveCfg = BuiltWithUnrealBuildTool|Win32
		{3F1137EB-08AE-4E29-8918-AE7C3777076C}.Development Editor|HTML5.Build.0 = BuiltWithUnrealBuildTool|Win32
		{3F1137EB-08AE-4E29-8918-AE7C3777076C}.Development Editor|Win32.ActiveCfg = BuiltWithUnrealBuildTool|Win32
		{3F1137EB-08AE-4E29-8918-AE7C3777076C}.Development Editor|Win32.Build.0 = BuiltWithUnrealBuildTool|Win32
		{3F1137EB-08AE-4E29-8918-AE7C3777076C}.Development Editor|Win64.ActiveCfg = BuiltWithUnrealBuildTool|Win32
		{3F1137EB-08AE-4E29-8918-AE7C3777076C}.Development Editor|Win64.Build.0 = BuiltWithUnrealBuildTool|Win32
		{3F1137EB-08AE-4E29-8918-AE7C3777076C}.Development|HTML5.ActiveCfg = BuiltWithUnrealBuildTool|Win32
		{3F1137EB-08AE-4E29-8918-AE7C3777076C}.Development|HTML5.Build.0 = BuiltWithUnrealBuildTool|Win32
		{3F1137EB-08AE-4E29-8918-AE7C3777076C}.Development|Win32.ActiveCfg = BuiltWithUnrealBuildTool|Win32
		{3F1137EB-08AE-4E29-8918-AE7C3777076C}.Development|Win32.Build.0 = BuiltWithUnrealBuildTool|Win32
		{3F1137EB-08AE-4E29-8918-AE7C3777076C}.Development|Win64.ActiveCfg = BuiltWithUnrealBuildTool|Win32
		{3F1137EB-08AE-4E29-8918-AE7C3777076C}.Development|Win64.Build.0 = BuiltWithUnrealBuildTool|Win32
		{3F1137EB-08AE-4E29-8918-AE7C3777076C}.Shipping|HTML5.ActiveCfg = BuiltWithUnrealBuildTool|Win32
		{3F1137EB-08AE-4E29-8918-AE7C3777076C}.Shipping|HTML5.Build.0 = BuiltWithUnrealBuildTool|Win32
		{3F1137EB-08AE-4E29-8918-AE7C3777076C}.Shipping|Win32.ActiveCfg = BuiltWithUnrealBuildTool|Win32
		{3F1137EB-08AE-4E29-8918-AE7C3777076C}.Shipping|Win32.Build.0 = BuiltWithUnrealBuildTool|Win32
		{3F1137EB-08AE-4E29-8918-AE7C3777076C}.Shipping|Win64.ActiveCfg = BuiltWithUnrealBuildTool|Win32
		{3F1137EB-08AE-4E29-8918-AE7C3777076C}.Shipping|Win64.Build.0 = BuiltWithUnrealBuildTool|Win32
		{B90845E4-B94A-4068-8558-CF295F8778F8}.DebugGame Editor|HTML5.ActiveCfg = HTML5_DebugGame_Editor|Win32
		{B90845E4-B94A-4068-8558-CF295F8778F8}.DebugGame Editor|Win32.ActiveCfg = DebugGame_Editor|Win32
		{B90845E4-B94A-4068-8558-CF295F8778F8}.DebugGame Editor|Win64.ActiveCfg = DebugGame_Editor|x64
		{B90845E4-B94A-4068-8558-CF295F8778F8}.DebugGame Editor|Win64.Build.0 = DebugGame_Editor|x64
		{B90845E4-B94A-4068-8558-CF295F8778F8}.DebugGame|HTML5.ActiveCfg = HTML5_DebugGame_Game|Win32
		{B90845E4-B94A-4068-8558-CF295F8778F8}.DebugGame|HTML5.Build.0 = HTML5_DebugGame_Game|Win32
		{B90845E4-B94A-4068-8558-CF295F8778F8}.DebugGame|Win32.ActiveCfg = DebugGame_Game|Win32
		{B90845E4-B94A-4068-8558-CF295F8778F8}.DebugGame|Win32.Build.0 = DebugGame_Game|Win32
		{B90845E4-B94A-4068-8558-CF295F8778F8}.DebugGame|Win64.ActiveCfg = DebugGame_Game|x64
		{B90845E4-B94A-4068-8558-CF295F8778F8}.DebugGame|Win64.Build.0 = DebugGame_Game|x64
		{B90845E4-B94A-4068-8558-CF295F8778F8}.Development Editor|HTML5.ActiveCfg = HTML5_Development_Editor|Win32
		{B90845E4-B94A-4068-8558-CF295F8778F8}.Development Editor|Win32.ActiveCfg = Development_Editor|Win32
		{B90845E4-B94A-4068-8558-CF295F8778F8}.Development Editor|Win64.ActiveCfg = Development_Editor|x64
		{B90845E4-B94A-4068-8558-CF295F8778F8}.Development Editor|Win64.Build.0 = Development_Editor|x64
		{B90845E4-B94A-4068-8558-CF295F8778F8}.Development|HTML5.ActiveCfg = HTML5_Development_Game|Win32
		{B90845E4-B94A-4068-8558-CF295F8778F8}.Development|HTML5.Build.0 = HTML5_Development_Game|Win32
		{B90845E4-B94A-4068-8558-CF295F8778F8}.Development|Win32.ActiveCfg = Development_Game|Win32
		{B90845E4-B94A-4068-8558-CF295F8778F8}.Development|Win32.Build.0 = Development_Game|Win32
		{B90845E4-B94A-4068-8558-CF295F8778F8}.Development|Win64.ActiveCfg = Development_Game|x64
		{B90845E4-B94A-4068-8558-CF295F8778F8}.Development|Win64.Build.0 = Development_Game|x64
		{B90845E4-B94A-4068-8558-CF295F8778F8}.Shipping|HTML5.ActiveCfg = HTML5_Shipping_Game|Win32
		{B90845E4-B94A-4068-8558-CF295F8778F8}.Shipping|HTML5.Build.0 = HTML5_Shipping_Game|Win32
		{B90845E4-B94A-4068-8558-CF295F8778F8}.Shipping|Win32.ActiveCfg = Shipping_Game|Win32
		{B90845E4-B94A-4068-8558-CF295F8778F8}.Shipping|Win32.Build.0 = Shipping_Game|Win32
		{B90845E4-B94A-4068-8558-CF295F8778F8}.Shipping|Win64.ActiveCfg = Shipping_Game|x64
		{B90845E4-B94A-4068-8558-CF295F8778F8}.Shipping|Win64.Build.0 = Shipping_Game|x64
	EndGlobalSection
	GlobalSection(SolutionProperties) = preSolution
		HideSolutionNode = FALSE
	EndGlobalSection
	GlobalSection(NestedProjects) = preSolution
		{3F1137EB-08AE-4E29-8918-AE7C3777076C} = {FC3927C3-995A-4A6A-A8B6-F6A237AAD003}
		{B90845E4-B94A-4068-8558-CF295F8778F8} = {94FB4539-6834-471E-9C20-E1125EF03F82}
	EndGlobalSection
EndGlobal
